PODS:
  - AFNetworking (4.0.1):
    - AFNetworking/NSURLSession (= 4.0.1)
    - AFNetworking/Reachability (= 4.0.1)
    - AFNetworking/Security (= 4.0.1)
    - AFNetworking/Serialization (= 4.0.1)
    - AFNetworking/UIKit (= 4.0.1)
  - AFNetworking/NSURLSession (4.0.1):
    - AFNetworking/Reachability
    - AFNetworking/Security
    - AFNetworking/Serialization
  - AFNetworking/Reachability (4.0.1)
  - AFNetworking/Security (4.0.1)
  - AFNetworking/Serialization (4.0.1)
  - AFNetworking/UIKit (4.0.1):
    - AFNetworking/NSURLSession
  - Alamofire (5.7.1)
  - FSPagerView (0.8.3)
  - Kingfisher (6.3.1)
  - libpag (4.3.27)
  - LookinServer (1.1.5):
    - LookinServer/Core (= 1.1.5)
  - LookinServer/Core (1.1.5)
  - MINDownloader (0.1.0)
  - Moya/Core (15.0.0):
    - Alamofire (~> 5.0)
  - Moya/RxSwift (15.0.0):
    - Moya/Core
    - RxSwift (~> 6.0)
  - Protobuf (3.22.0)
  - RongCloudIM/ChatRoom (5.2.5.1):
    - RongCloudIM/IMLibCore
  - RongCloudIM/CustomerService (5.2.5.1):
    - RongCloudIM/IMLibCore
  - RongCloudIM/Discussion (5.2.5.1):
    - RongCloudIM/IMLibCore
  - RongCloudIM/IMKit (5.2.5.1):
    - RongCloudIM/IMLib
  - RongCloudIM/IMLib (5.2.5.1):
    - RongCloudIM/ChatRoom
    - RongCloudIM/CustomerService
    - RongCloudIM/Discussion
    - RongCloudIM/IMLibCore
    - RongCloudIM/PublicService
  - RongCloudIM/IMLibCore (5.2.5.1)
  - RongCloudIM/PublicService (5.2.5.1):
    - RongCloudIM/IMLibCore
  - RxCocoa (6.5.0):
    - RxRelay (= 6.5.0)
    - RxSwift (= 6.5.0)
  - RxRelay (6.5.0):
    - RxSwift (= 6.5.0)
  - RxSwift (6.5.0)
  - SDWebImage (5.18.3):
    - SDWebImage/Core (= 5.18.3)
  - SDWebImage/Core (5.18.3)
  - SnapKit (5.6.0)
  - SSZipArchive (2.4.3)
  - SVGAPlayer (2.5.7):
    - SVGAPlayer/Core (= 2.5.7)
    - SVGAPlayer/ProtoFiles (= 2.5.7)
  - SVGAPlayer/Core (2.5.7):
    - SSZipArchive (>= 1.8.1)
    - SVGAPlayer/ProtoFiles
  - SVGAPlayer/ProtoFiles (2.5.7):
    - Protobuf (~> 3.4)
  - Tiercel (3.2.5)
  - XDownloader (0.1.0)

DEPENDENCIES:
  - AFNetworking (~> 4.0)
  - FSPagerView
  - Kingfisher
  - libpag
  - LookinServer
  - MINDownloader
  - Moya/RxSwift (~> 15.0)
  - RongCloudIM/IMKit (~> 5.2.5)
  - RxCocoa (= 6.5.0)
  - RxSwift (= 6.5.0)
  - SDWebImage
  - SnapKit (~> 5.6.0)
  - SVGAPlayer (~> 2.3)
  - Tiercel
  - XDownloader (from `Frameworks/XDownloader`)

SPEC REPOS:
  "git@github.com:yuximin/Specs.git":
    - MINDownloader
  https://github.com/CocoaPods/Specs.git:
    - AFNetworking
    - Alamofire
    - FSPagerView
    - Kingfisher
    - libpag
    - LookinServer
    - Moya
    - Protobuf
    - RongCloudIM
    - RxCocoa
    - RxRelay
    - RxSwift
    - SDWebImage
    - SnapKit
    - SSZipArchive
    - SVGAPlayer
    - Tiercel

EXTERNAL SOURCES:
  XDownloader:
    :path: Frameworks/XDownloader

SPEC CHECKSUMS:
  AFNetworking: 3bd23d814e976cd148d7d44c3ab78017b744cd58
  Alamofire: 0123a34370cb170936ae79a8df46cc62b2edeb88
  FSPagerView: 670405b2f18e2a87fa37f20b00de783e562c25a8
  Kingfisher: 016c8b653a35add51dd34a3aba36b580041acc74
  libpag: b39c9de84d405313bd1b3953240de2361cbe2e32
  LookinServer: 2893f2bae53cbf3fd49bbe1a8ea1745582ef1317
  MINDownloader: 39db211f32032d573d75cab04c8422eb1606c2ed
  Moya: 138f0573e53411fb3dc17016add0b748dfbd78ee
  Protobuf: 5e6cbc143d02fe08585d86b0098f8b755d2caaab
  RongCloudIM: 4e405c43e8f5699dc8431d3a513eeca31b7a99c2
  RxCocoa: 94f817b71c07517321eb4f9ad299112ca8af743b
  RxRelay: 1de1523e604c72b6c68feadedd1af3b1b4d0ecbd
  RxSwift: 5710a9e6b17f3c3d6e40d6e559b9fa1e813b2ef8
  SDWebImage: 96e0c18ef14010b7485210e92fac888587ebb958
  SnapKit: e01d52ebb8ddbc333eefe2132acf85c8227d9c25
  SSZipArchive: fe6a26b2a54d5a0890f2567b5cc6de5caa600aef
  SVGAPlayer: 318b85a78b61292d6ae9dfcd651f3f0d1cdadd86
  Tiercel: c0a73f876a72800333b15f4e7e48791f4ad21e90
  XDownloader: f1d84c7220098ed53ab15d949b7ad6ee3b823423

PODFILE CHECKSUM: 8f3f3d2f5582765aee484c856f3ddd3f02d63d60

COCOAPODS: 1.11.3
