// !$*UTF8*$!
{
	archiveVersion = 1;
	classes = {
	};
	objectVersion = 55;
	objects = {

/* Begin PBXBuildFile section */
		033DC808287AA94C00AA8F29 /* ListViewController.swift in Sources */ = {isa = PBXBuildFile; fileRef = 033DC807287AA94C00AA8F29 /* ListViewController.swift */; };
		033DC80A287AA9B300AA8F29 /* ListSection.swift in Sources */ = {isa = PBXBuildFile; fileRef = 033DC809287AA9B300AA8F29 /* ListSection.swift */; };
		033DC80C287AAC9E00AA8F29 /* SessionViewModel.swift in Sources */ = {isa = PBXBuildFile; fileRef = 033DC80B287AAC9E00AA8F29 /* SessionViewModel.swift */; };
		033DC80F287AD4DD00AA8F29 /* UserInfoModel.swift in Sources */ = {isa = PBXBuildFile; fileRef = 033DC80E287AD4DD00AA8F29 /* UserInfoModel.swift */; };
		039C8BDF28000684002624EB /* AppDelegate.swift in Sources */ = {isa = PBXBuildFile; fileRef = 039C8BDE28000684002624EB /* AppDelegate.swift */; };
		039C8BE828000685002624EB /* Assets.xcassets in Resources */ = {isa = PBXBuildFile; fileRef = 039C8BE728000685002624EB /* Assets.xcassets */; };
		039C8BEB28000685002624EB /* LaunchScreen.storyboard in Resources */ = {isa = PBXBuildFile; fileRef = 039C8BE928000685002624EB /* LaunchScreen.storyboard */; };
		181777AB28BDEA330041DA6D /* TiercelDemoViewController.swift in Sources */ = {isa = PBXBuildFile; fileRef = 181777AA28BDEA330041DA6D /* TiercelDemoViewController.swift */; };
		185D817F28770C0000B9A838 /* YNavigationController.swift in Sources */ = {isa = PBXBuildFile; fileRef = 185D817E28770C0000B9A838 /* YNavigationController.swift */; };
		185D81852878112E00B9A838 /* GCDViewModel.swift in Sources */ = {isa = PBXBuildFile; fileRef = 185D81842878112E00B9A838 /* GCDViewModel.swift */; };
		1871E52228792174007C518F /* DownloaderViewController.swift in Sources */ = {isa = PBXBuildFile; fileRef = 1871E52128792174007C518F /* DownloaderViewController.swift */; };
		1871E52428792187007C518F /* DownloaderViewModel.swift in Sources */ = {isa = PBXBuildFile; fileRef = 1871E52328792187007C518F /* DownloaderViewModel.swift */; };
		1871E52928792FB2007C518F /* SessionViewController.swift in Sources */ = {isa = PBXBuildFile; fileRef = 1871E52828792FB2007C518F /* SessionViewController.swift */; };
		188494CC2897EC6C00E4C464 /* CollectionViewDemoController.swift in Sources */ = {isa = PBXBuildFile; fileRef = 188494CB2897EC6C00E4C464 /* CollectionViewDemoController.swift */; };
		188494CF2897ED3300E4C464 /* CollectionViewStyle1ViewController.swift in Sources */ = {isa = PBXBuildFile; fileRef = 188494CE2897ED3300E4C464 /* CollectionViewStyle1ViewController.swift */; };
		188494D22897EE6400E4C464 /* NormalCollectionViewCell.swift in Sources */ = {isa = PBXBuildFile; fileRef = 188494D12897EE6400E4C464 /* NormalCollectionViewCell.swift */; };
		188494D52897EEF800E4C464 /* String+Extension.swift in Sources */ = {isa = PBXBuildFile; fileRef = 188494D42897EEF800E4C464 /* String+Extension.swift */; };
		188494E8289BC67900E4C464 /* UIImage+Extension.swift in Sources */ = {isa = PBXBuildFile; fileRef = 188494E7289BC67900E4C464 /* UIImage+Extension.swift */; };
		188494EC289BCFBD00E4C464 /* UIImageOrientationViewController.swift in Sources */ = {isa = PBXBuildFile; fileRef = 188494EB289BCFBD00E4C464 /* UIImageOrientationViewController.swift */; };
		188494EE289BD01500E4C464 /* UIImageDemoViewController.swift in Sources */ = {isa = PBXBuildFile; fileRef = 188494ED289BD01500E4C464 /* UIImageDemoViewController.swift */; };
		188494F0289BD1A800E4C464 /* UIImageOrientationItemCell.swift in Sources */ = {isa = PBXBuildFile; fileRef = 188494EF289BD1A800E4C464 /* UIImageOrientationItemCell.swift */; };
		188F57F62875B96C006DD570 /* HomeViewController.swift in Sources */ = {isa = PBXBuildFile; fileRef = 188F57F52875B96C006DD570 /* HomeViewController.swift */; };
		18932033288E62D9007E5872 /* UILabelDemoViewController.swift in Sources */ = {isa = PBXBuildFile; fileRef = 18932032288E62D9007E5872 /* UILabelDemoViewController.swift */; };
		18AABA3A28C1F71700AAAFCC /* PagDemoViewController.swift in Sources */ = {isa = PBXBuildFile; fileRef = 18AABA3928C1F71700AAAFCC /* PagDemoViewController.swift */; };
		18AABA3D28C1F80500AAAFCC /* LuckyTurntableViewController.swift in Sources */ = {isa = PBXBuildFile; fileRef = 18AABA3C28C1F80500AAAFCC /* LuckyTurntableViewController.swift */; };
		18AABA3F28C2011000AAAFCC /* luckyTurntable.pag in Resources */ = {isa = PBXBuildFile; fileRef = 18AABA3E28C2010900AAAFCC /* luckyTurntable.pag */; };
		18B0817D287822EB00D3F3E0 /* OperationViewController.swift in Sources */ = {isa = PBXBuildFile; fileRef = 18B0817C287822EB00D3F3E0 /* OperationViewController.swift */; };
		18B0817F287823A900D3F3E0 /* OperationViewModel.swift in Sources */ = {isa = PBXBuildFile; fileRef = 18B0817E287823A900D3F3E0 /* OperationViewModel.swift */; };
		18B08183287856E100D3F3E0 /* SimpleOperation.swift in Sources */ = {isa = PBXBuildFile; fileRef = 18B08182287856E100D3F3E0 /* SimpleOperation.swift */; };
		18B0818628785DAB00D3F3E0 /* Downloader.swift in Sources */ = {isa = PBXBuildFile; fileRef = 18B0818528785DAB00D3F3E0 /* Downloader.swift */; };
		18B0818828785DEA00D3F3E0 /* DownloadOperation.swift in Sources */ = {isa = PBXBuildFile; fileRef = 18B0818728785DEA00D3F3E0 /* DownloadOperation.swift */; };
		18C7281F28DDE566003982C7 /* RongCloudViewController.swift in Sources */ = {isa = PBXBuildFile; fileRef = 18C7281E28DDE566003982C7 /* RongCloudViewController.swift */; };
		18C7282228DDE700003982C7 /* RongCloudViewModel.swift in Sources */ = {isa = PBXBuildFile; fileRef = 18C7282128DDE700003982C7 /* RongCloudViewModel.swift */; };
		18CBBFBF28AF3F1700EC0473 /* PresentAndPushViewController.swift in Sources */ = {isa = PBXBuildFile; fileRef = 18CBBFBE28AF3F1700EC0473 /* PresentAndPushViewController.swift */; };
		18CBBFC128AF3F3500EC0473 /* PresentViewController.swift in Sources */ = {isa = PBXBuildFile; fileRef = 18CBBFC028AF3F3500EC0473 /* PresentViewController.swift */; };
		18CBBFC328AF3F4300EC0473 /* PushViewController.swift in Sources */ = {isa = PBXBuildFile; fileRef = 18CBBFC228AF3F4300EC0473 /* PushViewController.swift */; };
		18CC2E5D28DC9F4F00647E1F /* UIStackViewDemoViewController.swift in Sources */ = {isa = PBXBuildFile; fileRef = 18CC2E5C28DC9F4F00647E1F /* UIStackViewDemoViewController.swift */; };
		18CC2E6028DCA06200647E1F /* UIStackViewDemoView.swift in Sources */ = {isa = PBXBuildFile; fileRef = 18CC2E5F28DCA06200647E1F /* UIStackViewDemoView.swift */; };
		18D885A028A74FA00072DD36 /* LayoutSubviewsDemoViewController.swift in Sources */ = {isa = PBXBuildFile; fileRef = 18D8859F28A74FA00072DD36 /* LayoutSubviewsDemoViewController.swift */; };
		18D885A328A750660072DD36 /* LayoutSubviewsDemoView.swift in Sources */ = {isa = PBXBuildFile; fileRef = 18D885A228A750660072DD36 /* LayoutSubviewsDemoView.swift */; };
		18D885A528A759290072DD36 /* LayoutSubviewsDemoSubViewController.swift in Sources */ = {isa = PBXBuildFile; fileRef = 18D885A428A759290072DD36 /* LayoutSubviewsDemoSubViewController.swift */; };
		18F8021B2876CBBE0070A3DA /* GCDViewController.swift in Sources */ = {isa = PBXBuildFile; fileRef = 18F8021A2876CBBE0070A3DA /* GCDViewController.swift */; };
		18F802292876FEFA0070A3DA /* Logger.swift in Sources */ = {isa = PBXBuildFile; fileRef = 18F802282876FEFA0070A3DA /* Logger.swift */; };
		BF15FB9E5CB23DC0527ECEF0 /* Pods_iOSTemplate.framework in Frameworks */ = {isa = PBXBuildFile; fileRef = 69CEABED932B66AED5E21A6D /* Pods_iOSTemplate.framework */; };
/* End PBXBuildFile section */

/* Begin PBXFileReference section */
		033DC807287AA94C00AA8F29 /* ListViewController.swift */ = {isa = PBXFileReference; lastKnownFileType = sourcecode.swift; path = ListViewController.swift; sourceTree = "<group>"; };
		033DC809287AA9B300AA8F29 /* ListSection.swift */ = {isa = PBXFileReference; lastKnownFileType = sourcecode.swift; path = ListSection.swift; sourceTree = "<group>"; };
		033DC80B287AAC9E00AA8F29 /* SessionViewModel.swift */ = {isa = PBXFileReference; fileEncoding = 4; lastKnownFileType = sourcecode.swift; path = SessionViewModel.swift; sourceTree = "<group>"; };
		033DC80E287AD4DD00AA8F29 /* UserInfoModel.swift */ = {isa = PBXFileReference; lastKnownFileType = sourcecode.swift; path = UserInfoModel.swift; sourceTree = "<group>"; };
		039C8BDB28000684002624EB /* iOSTemplate.app */ = {isa = PBXFileReference; explicitFileType = wrapper.application; includeInIndex = 0; path = iOSTemplate.app; sourceTree = BUILT_PRODUCTS_DIR; };
		039C8BDE28000684002624EB /* AppDelegate.swift */ = {isa = PBXFileReference; lastKnownFileType = sourcecode.swift; path = AppDelegate.swift; sourceTree = "<group>"; };
		039C8BE728000685002624EB /* Assets.xcassets */ = {isa = PBXFileReference; lastKnownFileType = folder.assetcatalog; path = Assets.xcassets; sourceTree = "<group>"; };
		039C8BEA28000685002624EB /* Base */ = {isa = PBXFileReference; lastKnownFileType = file.storyboard; name = Base; path = Base.lproj/LaunchScreen.storyboard; sourceTree = "<group>"; };
		039C8BEC28000685002624EB /* Info.plist */ = {isa = PBXFileReference; lastKnownFileType = text.plist.xml; path = Info.plist; sourceTree = "<group>"; };
		181777AA28BDEA330041DA6D /* TiercelDemoViewController.swift */ = {isa = PBXFileReference; lastKnownFileType = sourcecode.swift; path = TiercelDemoViewController.swift; sourceTree = "<group>"; };
		185D817E28770C0000B9A838 /* YNavigationController.swift */ = {isa = PBXFileReference; lastKnownFileType = sourcecode.swift; path = YNavigationController.swift; sourceTree = "<group>"; };
		185D81842878112E00B9A838 /* GCDViewModel.swift */ = {isa = PBXFileReference; lastKnownFileType = sourcecode.swift; path = GCDViewModel.swift; sourceTree = "<group>"; };
		1871E52128792174007C518F /* DownloaderViewController.swift */ = {isa = PBXFileReference; lastKnownFileType = sourcecode.swift; path = DownloaderViewController.swift; sourceTree = "<group>"; };
		1871E52328792187007C518F /* DownloaderViewModel.swift */ = {isa = PBXFileReference; lastKnownFileType = sourcecode.swift; path = DownloaderViewModel.swift; sourceTree = "<group>"; };
		1871E52828792FB2007C518F /* SessionViewController.swift */ = {isa = PBXFileReference; lastKnownFileType = sourcecode.swift; path = SessionViewController.swift; sourceTree = "<group>"; };
		188494CB2897EC6C00E4C464 /* CollectionViewDemoController.swift */ = {isa = PBXFileReference; lastKnownFileType = sourcecode.swift; path = CollectionViewDemoController.swift; sourceTree = "<group>"; };
		188494CE2897ED3300E4C464 /* CollectionViewStyle1ViewController.swift */ = {isa = PBXFileReference; lastKnownFileType = sourcecode.swift; path = CollectionViewStyle1ViewController.swift; sourceTree = "<group>"; };
		188494D12897EE6400E4C464 /* NormalCollectionViewCell.swift */ = {isa = PBXFileReference; lastKnownFileType = sourcecode.swift; path = NormalCollectionViewCell.swift; sourceTree = "<group>"; };
		188494D42897EEF800E4C464 /* String+Extension.swift */ = {isa = PBXFileReference; lastKnownFileType = sourcecode.swift; path = "String+Extension.swift"; sourceTree = "<group>"; };
		188494E7289BC67900E4C464 /* UIImage+Extension.swift */ = {isa = PBXFileReference; lastKnownFileType = sourcecode.swift; path = "UIImage+Extension.swift"; sourceTree = "<group>"; };
		188494EB289BCFBD00E4C464 /* UIImageOrientationViewController.swift */ = {isa = PBXFileReference; lastKnownFileType = sourcecode.swift; path = UIImageOrientationViewController.swift; sourceTree = "<group>"; };
		188494ED289BD01500E4C464 /* UIImageDemoViewController.swift */ = {isa = PBXFileReference; lastKnownFileType = sourcecode.swift; path = UIImageDemoViewController.swift; sourceTree = "<group>"; };
		188494EF289BD1A800E4C464 /* UIImageOrientationItemCell.swift */ = {isa = PBXFileReference; lastKnownFileType = sourcecode.swift; path = UIImageOrientationItemCell.swift; sourceTree = "<group>"; };
		188F57F52875B96C006DD570 /* HomeViewController.swift */ = {isa = PBXFileReference; lastKnownFileType = sourcecode.swift; path = HomeViewController.swift; sourceTree = "<group>"; };
		18932032288E62D9007E5872 /* UILabelDemoViewController.swift */ = {isa = PBXFileReference; lastKnownFileType = sourcecode.swift; path = UILabelDemoViewController.swift; sourceTree = "<group>"; };
		18AABA3928C1F71700AAAFCC /* PagDemoViewController.swift */ = {isa = PBXFileReference; lastKnownFileType = sourcecode.swift; path = PagDemoViewController.swift; sourceTree = "<group>"; };
		18AABA3C28C1F80500AAAFCC /* LuckyTurntableViewController.swift */ = {isa = PBXFileReference; lastKnownFileType = sourcecode.swift; path = LuckyTurntableViewController.swift; sourceTree = "<group>"; };
		18AABA3E28C2010900AAAFCC /* luckyTurntable.pag */ = {isa = PBXFileReference; lastKnownFileType = file; path = luckyTurntable.pag; sourceTree = "<group>"; };
		18B0817C287822EB00D3F3E0 /* OperationViewController.swift */ = {isa = PBXFileReference; lastKnownFileType = sourcecode.swift; path = OperationViewController.swift; sourceTree = "<group>"; };
		18B0817E287823A900D3F3E0 /* OperationViewModel.swift */ = {isa = PBXFileReference; lastKnownFileType = sourcecode.swift; path = OperationViewModel.swift; sourceTree = "<group>"; };
		18B08182287856E100D3F3E0 /* SimpleOperation.swift */ = {isa = PBXFileReference; lastKnownFileType = sourcecode.swift; path = SimpleOperation.swift; sourceTree = "<group>"; };
		18B0818528785DAB00D3F3E0 /* Downloader.swift */ = {isa = PBXFileReference; lastKnownFileType = sourcecode.swift; path = Downloader.swift; sourceTree = "<group>"; };
		18B0818728785DEA00D3F3E0 /* DownloadOperation.swift */ = {isa = PBXFileReference; lastKnownFileType = sourcecode.swift; path = DownloadOperation.swift; sourceTree = "<group>"; };
		18C7281E28DDE566003982C7 /* RongCloudViewController.swift */ = {isa = PBXFileReference; lastKnownFileType = sourcecode.swift; path = RongCloudViewController.swift; sourceTree = "<group>"; };
		18C7282128DDE700003982C7 /* RongCloudViewModel.swift */ = {isa = PBXFileReference; lastKnownFileType = sourcecode.swift; path = RongCloudViewModel.swift; sourceTree = "<group>"; };
		18CBBFBE28AF3F1700EC0473 /* PresentAndPushViewController.swift */ = {isa = PBXFileReference; lastKnownFileType = sourcecode.swift; path = PresentAndPushViewController.swift; sourceTree = "<group>"; };
		18CBBFC028AF3F3500EC0473 /* PresentViewController.swift */ = {isa = PBXFileReference; lastKnownFileType = sourcecode.swift; path = PresentViewController.swift; sourceTree = "<group>"; };
		18CBBFC228AF3F4300EC0473 /* PushViewController.swift */ = {isa = PBXFileReference; lastKnownFileType = sourcecode.swift; path = PushViewController.swift; sourceTree = "<group>"; };
		18CC2E5C28DC9F4F00647E1F /* UIStackViewDemoViewController.swift */ = {isa = PBXFileReference; lastKnownFileType = sourcecode.swift; path = UIStackViewDemoViewController.swift; sourceTree = "<group>"; };
		18CC2E5F28DCA06200647E1F /* UIStackViewDemoView.swift */ = {isa = PBXFileReference; lastKnownFileType = sourcecode.swift; path = UIStackViewDemoView.swift; sourceTree = "<group>"; };
		18D8859F28A74FA00072DD36 /* LayoutSubviewsDemoViewController.swift */ = {isa = PBXFileReference; lastKnownFileType = sourcecode.swift; path = LayoutSubviewsDemoViewController.swift; sourceTree = "<group>"; };
		18D885A228A750660072DD36 /* LayoutSubviewsDemoView.swift */ = {isa = PBXFileReference; lastKnownFileType = sourcecode.swift; path = LayoutSubviewsDemoView.swift; sourceTree = "<group>"; };
		18D885A428A759290072DD36 /* LayoutSubviewsDemoSubViewController.swift */ = {isa = PBXFileReference; lastKnownFileType = sourcecode.swift; path = LayoutSubviewsDemoSubViewController.swift; sourceTree = "<group>"; };
		18F8021A2876CBBE0070A3DA /* GCDViewController.swift */ = {isa = PBXFileReference; lastKnownFileType = sourcecode.swift; path = GCDViewController.swift; sourceTree = "<group>"; };
		18F802282876FEFA0070A3DA /* Logger.swift */ = {isa = PBXFileReference; lastKnownFileType = sourcecode.swift; path = Logger.swift; sourceTree = "<group>"; };
		443D357D19F1A55CBB079D3F /* Pods-iOSTemplate.debug.xcconfig */ = {isa = PBXFileReference; includeInIndex = 1; lastKnownFileType = text.xcconfig; name = "Pods-iOSTemplate.debug.xcconfig"; path = "Target Support Files/Pods-iOSTemplate/Pods-iOSTemplate.debug.xcconfig"; sourceTree = "<group>"; };
		524E9B951D8A4265427DFE7E /* Pods-iOSTemplate.release.xcconfig */ = {isa = PBXFileReference; includeInIndex = 1; lastKnownFileType = text.xcconfig; name = "Pods-iOSTemplate.release.xcconfig"; path = "Target Support Files/Pods-iOSTemplate/Pods-iOSTemplate.release.xcconfig"; sourceTree = "<group>"; };
		69CEABED932B66AED5E21A6D /* Pods_iOSTemplate.framework */ = {isa = PBXFileReference; explicitFileType = wrapper.framework; includeInIndex = 0; path = Pods_iOSTemplate.framework; sourceTree = BUILT_PRODUCTS_DIR; };
/* End PBXFileReference section */

/* Begin PBXFrameworksBuildPhase section */
		039C8BD828000684002624EB /* Frameworks */ = {
			isa = PBXFrameworksBuildPhase;
			buildActionMask = 2147483647;
			files = (
				BF15FB9E5CB23DC0527ECEF0 /* Pods_iOSTemplate.framework in Frameworks */,
			);
			runOnlyForDeploymentPostprocessing = 0;
		};
/* End PBXFrameworksBuildPhase section */

/* Begin PBXGroup section */
		033DC806287AA92600AA8F29 /* ListViewController */ = {
			isa = PBXGroup;
			children = (
				033DC807287AA94C00AA8F29 /* ListViewController.swift */,
				033DC809287AA9B300AA8F29 /* ListSection.swift */,
			);
			path = ListViewController;
			sourceTree = "<group>";
		};
		033DC80D287AD4CA00AA8F29 /* Model */ = {
			isa = PBXGroup;
			children = (
				033DC80E287AD4DD00AA8F29 /* UserInfoModel.swift */,
			);
			path = Model;
			sourceTree = "<group>";
		};
		039C8BD228000684002624EB = {
			isa = PBXGroup;
			children = (
				039C8BDD28000684002624EB /* iOSTemplate */,
				039C8BDC28000684002624EB /* Products */,
				DA6E628829DE5A25B56696CC /* Pods */,
				5EA77A361AEDA3C266F39E1E /* Frameworks */,
			);
			sourceTree = "<group>";
		};
		039C8BDC28000684002624EB /* Products */ = {
			isa = PBXGroup;
			children = (
				039C8BDB28000684002624EB /* iOSTemplate.app */,
			);
			name = Products;
			sourceTree = "<group>";
		};
		039C8BDD28000684002624EB /* iOSTemplate */ = {
			isa = PBXGroup;
			children = (
				188494D32897EEE000E4C464 /* Extension */,
				18F8021D2876CD2D0070A3DA /* AppDelegate */,
				18F802202876CDFB0070A3DA /* Components */,
				18F8021F2876CDC20070A3DA /* Modules */,
				18F8021C2876CD130070A3DA /* Resources */,
				18F802262876FEDC0070A3DA /* Tools */,
			);
			path = iOSTemplate;
			sourceTree = "<group>";
		};
		181777A928BDEA060041DA6D /* Tiercel */ = {
			isa = PBXGroup;
			children = (
				181777AA28BDEA330041DA6D /* TiercelDemoViewController.swift */,
			);
			path = Tiercel;
			sourceTree = "<group>";
		};
		185D817D28770B7200B9A838 /* YNavigationController */ = {
			isa = PBXGroup;
			children = (
				185D817E28770C0000B9A838 /* YNavigationController.swift */,
			);
			path = YNavigationController;
			sourceTree = "<group>";
		};
		1871E52028792152007C518F /* Demo */ = {
			isa = PBXGroup;
			children = (
				1871E52128792174007C518F /* DownloaderViewController.swift */,
				1871E52328792187007C518F /* DownloaderViewModel.swift */,
			);
			path = Demo;
			sourceTree = "<group>";
		};
		1871E52528792E65007C518F /* Network */ = {
			isa = PBXGroup;
			children = (
				1871E52728792EC7007C518F /* Session */,
			);
			path = Network;
			sourceTree = "<group>";
		};
		1871E52728792EC7007C518F /* Session */ = {
			isa = PBXGroup;
			children = (
				033DC80D287AD4CA00AA8F29 /* Model */,
				1871E52828792FB2007C518F /* SessionViewController.swift */,
				033DC80B287AAC9E00AA8F29 /* SessionViewModel.swift */,
			);
			path = Session;
			sourceTree = "<group>";
		};
		188494CA2897EC3700E4C464 /* UICollectionView */ = {
			isa = PBXGroup;
			children = (
				188494D02897EE4100E4C464 /* View */,
				188494CD2897ED1400E4C464 /* Style1 */,
				188494CB2897EC6C00E4C464 /* CollectionViewDemoController.swift */,
			);
			path = UICollectionView;
			sourceTree = "<group>";
		};
		188494CD2897ED1400E4C464 /* Style1 */ = {
			isa = PBXGroup;
			children = (
				188494CE2897ED3300E4C464 /* CollectionViewStyle1ViewController.swift */,
			);
			path = Style1;
			sourceTree = "<group>";
		};
		188494D02897EE4100E4C464 /* View */ = {
			isa = PBXGroup;
			children = (
				188494D12897EE6400E4C464 /* NormalCollectionViewCell.swift */,
			);
			path = View;
			sourceTree = "<group>";
		};
		188494D32897EEE000E4C464 /* Extension */ = {
			isa = PBXGroup;
			children = (
				188494D42897EEF800E4C464 /* String+Extension.swift */,
				188494E7289BC67900E4C464 /* UIImage+Extension.swift */,
			);
			path = Extension;
			sourceTree = "<group>";
		};
		188494E9289BCF8200E4C464 /* UIImage */ = {
			isa = PBXGroup;
			children = (
				188494EA289BCF8F00E4C464 /* Orientation */,
				188494ED289BD01500E4C464 /* UIImageDemoViewController.swift */,
			);
			path = UIImage;
			sourceTree = "<group>";
		};
		188494EA289BCF8F00E4C464 /* Orientation */ = {
			isa = PBXGroup;
			children = (
				188494EB289BCFBD00E4C464 /* UIImageOrientationViewController.swift */,
				188494EF289BD1A800E4C464 /* UIImageOrientationItemCell.swift */,
			);
			path = Orientation;
			sourceTree = "<group>";
		};
		188F57F42875B924006DD570 /* Home */ = {
			isa = PBXGroup;
			children = (
				188F57F52875B96C006DD570 /* HomeViewController.swift */,
			);
			path = Home;
			sourceTree = "<group>";
		};
		18932030288E6248007E5872 /* UIKit */ = {
			isa = PBXGroup;
			children = (
				18CC2E5B28DC9F3100647E1F /* UIStackView */,
				18CBBFBD28AF3EE700EC0473 /* PresentAndPush */,
				18D8859E28A74EA10072DD36 /* LayoutSubviews */,
				188494E9289BCF8200E4C464 /* UIImage */,
				188494CA2897EC3700E4C464 /* UICollectionView */,
				18932031288E62BD007E5872 /* UILabel */,
			);
			path = UIKit;
			sourceTree = "<group>";
		};
		18932031288E62BD007E5872 /* UILabel */ = {
			isa = PBXGroup;
			children = (
				18932032288E62D9007E5872 /* UILabelDemoViewController.swift */,
			);
			path = UILabel;
			sourceTree = "<group>";
		};
		18AABA3828C1F6F500AAAFCC /* Pag */ = {
			isa = PBXGroup;
			children = (
				18AABA3B28C1F7C500AAAFCC /* LuckyTurntable */,
				18AABA3928C1F71700AAAFCC /* PagDemoViewController.swift */,
			);
			path = Pag;
			sourceTree = "<group>";
		};
		18AABA3B28C1F7C500AAAFCC /* LuckyTurntable */ = {
			isa = PBXGroup;
			children = (
				18AABA3C28C1F80500AAAFCC /* LuckyTurntableViewController.swift */,
			);
			path = LuckyTurntable;
			sourceTree = "<group>";
		};
		18B0817B287822D500D3F3E0 /* Operation */ = {
			isa = PBXGroup;
			children = (
				18B0817C287822EB00D3F3E0 /* OperationViewController.swift */,
				18B0817E287823A900D3F3E0 /* OperationViewModel.swift */,
				18B08182287856E100D3F3E0 /* SimpleOperation.swift */,
			);
			path = Operation;
			sourceTree = "<group>";
		};
		18B0818428785D9500D3F3E0 /* Downloader */ = {
			isa = PBXGroup;
			children = (
				18B0818528785DAB00D3F3E0 /* Downloader.swift */,
				18B0818728785DEA00D3F3E0 /* DownloadOperation.swift */,
				1871E52028792152007C518F /* Demo */,
			);
			path = Downloader;
			sourceTree = "<group>";
		};
		18C7281C28DDE53C003982C7 /* RongCloud */ = {
			isa = PBXGroup;
			children = (
				18C7282028DDE6DD003982C7 /* ViewModel */,
				18C7281D28DDE54B003982C7 /* ViewControllers */,
			);
			path = RongCloud;
			sourceTree = "<group>";
		};
		18C7281D28DDE54B003982C7 /* ViewControllers */ = {
			isa = PBXGroup;
			children = (
				18C7281E28DDE566003982C7 /* RongCloudViewController.swift */,
			);
			path = ViewControllers;
			sourceTree = "<group>";
		};
		18C7282028DDE6DD003982C7 /* ViewModel */ = {
			isa = PBXGroup;
			children = (
				18C7282128DDE700003982C7 /* RongCloudViewModel.swift */,
			);
			path = ViewModel;
			sourceTree = "<group>";
		};
		18CBBFBD28AF3EE700EC0473 /* PresentAndPush */ = {
			isa = PBXGroup;
			children = (
				18CBBFBE28AF3F1700EC0473 /* PresentAndPushViewController.swift */,
				18CBBFC028AF3F3500EC0473 /* PresentViewController.swift */,
				18CBBFC228AF3F4300EC0473 /* PushViewController.swift */,
			);
			path = PresentAndPush;
			sourceTree = "<group>";
		};
		18CC2E5B28DC9F3100647E1F /* UIStackView */ = {
			isa = PBXGroup;
			children = (
				18CC2E5E28DCA04700647E1F /* Views */,
				18CC2E5C28DC9F4F00647E1F /* UIStackViewDemoViewController.swift */,
			);
			path = UIStackView;
			sourceTree = "<group>";
		};
		18CC2E5E28DCA04700647E1F /* Views */ = {
			isa = PBXGroup;
			children = (
				18CC2E5F28DCA06200647E1F /* UIStackViewDemoView.swift */,
			);
			path = Views;
			sourceTree = "<group>";
		};
		18D8859E28A74EA10072DD36 /* LayoutSubviews */ = {
			isa = PBXGroup;
			children = (
				18D885A128A750490072DD36 /* View */,
				18D8859F28A74FA00072DD36 /* LayoutSubviewsDemoViewController.swift */,
				18D885A428A759290072DD36 /* LayoutSubviewsDemoSubViewController.swift */,
			);
			path = LayoutSubviews;
			sourceTree = "<group>";
		};
		18D885A128A750490072DD36 /* View */ = {
			isa = PBXGroup;
			children = (
				18D885A228A750660072DD36 /* LayoutSubviewsDemoView.swift */,
			);
			path = View;
			sourceTree = "<group>";
		};
		18F802182876C5630070A3DA /* MultiThread */ = {
			isa = PBXGroup;
			children = (
				18B0818428785D9500D3F3E0 /* Downloader */,
				18F802192876CBA70070A3DA /* GCD */,
				18B0817B287822D500D3F3E0 /* Operation */,
			);
			path = MultiThread;
			sourceTree = "<group>";
		};
		18F802192876CBA70070A3DA /* GCD */ = {
			isa = PBXGroup;
			children = (
				18F8021A2876CBBE0070A3DA /* GCDViewController.swift */,
				185D81842878112E00B9A838 /* GCDViewModel.swift */,
			);
			path = GCD;
			sourceTree = "<group>";
		};
		18F8021C2876CD130070A3DA /* Resources */ = {
			isa = PBXGroup;
			children = (
				18AABA3E28C2010900AAAFCC /* luckyTurntable.pag */,
				039C8BE728000685002624EB /* Assets.xcassets */,
				039C8BEC28000685002624EB /* Info.plist */,
				039C8BE928000685002624EB /* LaunchScreen.storyboard */,
			);
			path = Resources;
			sourceTree = "<group>";
		};
		18F8021D2876CD2D0070A3DA /* AppDelegate */ = {
			isa = PBXGroup;
			children = (
				039C8BDE28000684002624EB /* AppDelegate.swift */,
			);
			path = AppDelegate;
			sourceTree = "<group>";
		};
		18F8021F2876CDC20070A3DA /* Modules */ = {
			isa = PBXGroup;
			children = (
				18C7281C28DDE53C003982C7 /* RongCloud */,
				18AABA3828C1F6F500AAAFCC /* Pag */,
				181777A928BDEA060041DA6D /* Tiercel */,
				18932030288E6248007E5872 /* UIKit */,
				188F57F42875B924006DD570 /* Home */,
				18F802182876C5630070A3DA /* MultiThread */,
				1871E52528792E65007C518F /* Network */,
			);
			path = Modules;
			sourceTree = "<group>";
		};
		18F802202876CDFB0070A3DA /* Components */ = {
			isa = PBXGroup;
			children = (
				033DC806287AA92600AA8F29 /* ListViewController */,
				185D817D28770B7200B9A838 /* YNavigationController */,
			);
			path = Components;
			sourceTree = "<group>";
		};
		18F802262876FEDC0070A3DA /* Tools */ = {
			isa = PBXGroup;
			children = (
				18F802272876FEE80070A3DA /* Logger */,
			);
			path = Tools;
			sourceTree = "<group>";
		};
		18F802272876FEE80070A3DA /* Logger */ = {
			isa = PBXGroup;
			children = (
				18F802282876FEFA0070A3DA /* Logger.swift */,
			);
			path = Logger;
			sourceTree = "<group>";
		};
		5EA77A361AEDA3C266F39E1E /* Frameworks */ = {
			isa = PBXGroup;
			children = (
				69CEABED932B66AED5E21A6D /* Pods_iOSTemplate.framework */,
			);
			name = Frameworks;
			sourceTree = "<group>";
		};
		DA6E628829DE5A25B56696CC /* Pods */ = {
			isa = PBXGroup;
			children = (
				443D357D19F1A55CBB079D3F /* Pods-iOSTemplate.debug.xcconfig */,
				524E9B951D8A4265427DFE7E /* Pods-iOSTemplate.release.xcconfig */,
			);
			path = Pods;
			sourceTree = "<group>";
		};
/* End PBXGroup section */

/* Begin PBXNativeTarget section */
		039C8BDA28000684002624EB /* iOSTemplate */ = {
			isa = PBXNativeTarget;
			buildConfigurationList = 039C8BEF28000685002624EB /* Build configuration list for PBXNativeTarget "iOSTemplate" */;
			buildPhases = (
				4A1987D965784397F8463063 /* [CP] Check Pods Manifest.lock */,
				039C8BD728000684002624EB /* Sources */,
				039C8BD828000684002624EB /* Frameworks */,
				039C8BD928000684002624EB /* Resources */,
				257D00CA8392006190D3E1D4 /* [CP] Embed Pods Frameworks */,
				05D84BE9BD6BB29725A560E8 /* [CP] Copy Pods Resources */,
			);
			buildRules = (
			);
			dependencies = (
			);
			name = iOSTemplate;
			productName = iOSTemplate;
			productReference = 039C8BDB28000684002624EB /* iOSTemplate.app */;
			productType = "com.apple.product-type.application";
		};
/* End PBXNativeTarget section */

/* Begin PBXProject section */
		039C8BD328000684002624EB /* Project object */ = {
			isa = PBXProject;
			attributes = {
				BuildIndependentTargetsInParallel = 1;
				LastSwiftUpdateCheck = 1310;
				LastUpgradeCheck = 1310;
				TargetAttributes = {
					039C8BDA28000684002624EB = {
						CreatedOnToolsVersion = 13.1;
					};
				};
			};
			buildConfigurationList = 039C8BD628000684002624EB /* Build configuration list for PBXProject "iOSTemplate" */;
			compatibilityVersion = "Xcode 13.0";
			developmentRegion = en;
			hasScannedForEncodings = 0;
			knownRegions = (
				en,
				Base,
			);
			mainGroup = 039C8BD228000684002624EB;
			productRefGroup = 039C8BDC28000684002624EB /* Products */;
			projectDirPath = "";
			projectRoot = "";
			targets = (
				039C8BDA28000684002624EB /* iOSTemplate */,
			);
		};
/* End PBXProject section */

/* Begin PBXResourcesBuildPhase section */
		039C8BD928000684002624EB /* Resources */ = {
			isa = PBXResourcesBuildPhase;
			buildActionMask = 2147483647;
			files = (
				039C8BEB28000685002624EB /* LaunchScreen.storyboard in Resources */,
				039C8BE828000685002624EB /* Assets.xcassets in Resources */,
				18AABA3F28C2011000AAAFCC /* luckyTurntable.pag in Resources */,
			);
			runOnlyForDeploymentPostprocessing = 0;
		};
/* End PBXResourcesBuildPhase section */

/* Begin PBXShellScriptBuildPhase section */
		05D84BE9BD6BB29725A560E8 /* [CP] Copy Pods Resources */ = {
			isa = PBXShellScriptBuildPhase;
			buildActionMask = 2147483647;
			files = (
			);
			inputFileListPaths = (
				"${PODS_ROOT}/Target Support Files/Pods-iOSTemplate/Pods-iOSTemplate-resources-${CONFIGURATION}-input-files.xcfilelist",
			);
			name = "[CP] Copy Pods Resources";
			outputFileListPaths = (
				"${PODS_ROOT}/Target Support Files/Pods-iOSTemplate/Pods-iOSTemplate-resources-${CONFIGURATION}-output-files.xcfilelist",
			);
			runOnlyForDeploymentPostprocessing = 0;
			shellPath = /bin/sh;
			shellScript = "\"${PODS_ROOT}/Target Support Files/Pods-iOSTemplate/Pods-iOSTemplate-resources.sh\"\n";
			showEnvVarsInLog = 0;
		};
		257D00CA8392006190D3E1D4 /* [CP] Embed Pods Frameworks */ = {
			isa = PBXShellScriptBuildPhase;
			buildActionMask = 2147483647;
			files = (
			);
			inputFileListPaths = (
				"${PODS_ROOT}/Target Support Files/Pods-iOSTemplate/Pods-iOSTemplate-frameworks-${CONFIGURATION}-input-files.xcfilelist",
			);
			name = "[CP] Embed Pods Frameworks";
			outputFileListPaths = (
				"${PODS_ROOT}/Target Support Files/Pods-iOSTemplate/Pods-iOSTemplate-frameworks-${CONFIGURATION}-output-files.xcfilelist",
			);
			runOnlyForDeploymentPostprocessing = 0;
			shellPath = /bin/sh;
			shellScript = "\"${PODS_ROOT}/Target Support Files/Pods-iOSTemplate/Pods-iOSTemplate-frameworks.sh\"\n";
			showEnvVarsInLog = 0;
		};
		4A1987D965784397F8463063 /* [CP] Check Pods Manifest.lock */ = {
			isa = PBXShellScriptBuildPhase;
			buildActionMask = 2147483647;
			files = (
			);
			inputFileListPaths = (
			);
			inputPaths = (
				"${PODS_PODFILE_DIR_PATH}/Podfile.lock",
				"${PODS_ROOT}/Manifest.lock",
			);
			name = "[CP] Check Pods Manifest.lock";
			outputFileListPaths = (
			);
			outputPaths = (
				"$(DERIVED_FILE_DIR)/Pods-iOSTemplate-checkManifestLockResult.txt",
			);
			runOnlyForDeploymentPostprocessing = 0;
			shellPath = /bin/sh;
			shellScript = "diff \"${PODS_PODFILE_DIR_PATH}/Podfile.lock\" \"${PODS_ROOT}/Manifest.lock\" > /dev/null\nif [ $? != 0 ] ; then\n    # print error to STDERR\n    echo \"error: The sandbox is not in sync with the Podfile.lock. Run 'pod install' or update your CocoaPods installation.\" >&2\n    exit 1\nfi\n# This output is used by Xcode 'outputs' to avoid re-running this script phase.\necho \"SUCCESS\" > \"${SCRIPT_OUTPUT_FILE_0}\"\n";
			showEnvVarsInLog = 0;
		};
/* End PBXShellScriptBuildPhase section */

/* Begin PBXSourcesBuildPhase section */
		039C8BD728000684002624EB /* Sources */ = {
			isa = PBXSourcesBuildPhase;
			buildActionMask = 2147483647;
			files = (
				033DC80F287AD4DD00AA8F29 /* UserInfoModel.swift in Sources */,
				188494CF2897ED3300E4C464 /* CollectionViewStyle1ViewController.swift in Sources */,
				181777AB28BDEA330041DA6D /* TiercelDemoViewController.swift in Sources */,
				18B0817F287823A900D3F3E0 /* OperationViewModel.swift in Sources */,
				188494E8289BC67900E4C464 /* UIImage+Extension.swift in Sources */,
				1871E52928792FB2007C518F /* SessionViewController.swift in Sources */,
				039C8BDF28000684002624EB /* AppDelegate.swift in Sources */,
				18B08183287856E100D3F3E0 /* SimpleOperation.swift in Sources */,
				18B0818828785DEA00D3F3E0 /* DownloadOperation.swift in Sources */,
				18CC2E6028DCA06200647E1F /* UIStackViewDemoView.swift in Sources */,
				18CBBFC328AF3F4300EC0473 /* PushViewController.swift in Sources */,
				18932033288E62D9007E5872 /* UILabelDemoViewController.swift in Sources */,
				18F8021B2876CBBE0070A3DA /* GCDViewController.swift in Sources */,
				18F802292876FEFA0070A3DA /* Logger.swift in Sources */,
				033DC80A287AA9B300AA8F29 /* ListSection.swift in Sources */,
				188494EC289BCFBD00E4C464 /* UIImageOrientationViewController.swift in Sources */,
				188494EE289BD01500E4C464 /* UIImageDemoViewController.swift in Sources */,
				18D885A528A759290072DD36 /* LayoutSubviewsDemoSubViewController.swift in Sources */,
				188494F0289BD1A800E4C464 /* UIImageOrientationItemCell.swift in Sources */,
				185D817F28770C0000B9A838 /* YNavigationController.swift in Sources */,
				188494D52897EEF800E4C464 /* String+Extension.swift in Sources */,
				18AABA3A28C1F71700AAAFCC /* PagDemoViewController.swift in Sources */,
				18AABA3D28C1F80500AAAFCC /* LuckyTurntableViewController.swift in Sources */,
				033DC80C287AAC9E00AA8F29 /* SessionViewModel.swift in Sources */,
				1871E52428792187007C518F /* DownloaderViewModel.swift in Sources */,
				188494CC2897EC6C00E4C464 /* CollectionViewDemoController.swift in Sources */,
				18B0818628785DAB00D3F3E0 /* Downloader.swift in Sources */,
				18CBBFC128AF3F3500EC0473 /* PresentViewController.swift in Sources */,
				18C7282228DDE700003982C7 /* RongCloudViewModel.swift in Sources */,
				18B0817D287822EB00D3F3E0 /* OperationViewController.swift in Sources */,
				188F57F62875B96C006DD570 /* HomeViewController.swift in Sources */,
				18CC2E5D28DC9F4F00647E1F /* UIStackViewDemoViewController.swift in Sources */,
				18CBBFBF28AF3F1700EC0473 /* PresentAndPushViewController.swift in Sources */,
				18C7281F28DDE566003982C7 /* RongCloudViewController.swift in Sources */,
				18D885A028A74FA00072DD36 /* LayoutSubviewsDemoViewController.swift in Sources */,
				18D885A328A750660072DD36 /* LayoutSubviewsDemoView.swift in Sources */,
				1871E52228792174007C518F /* DownloaderViewController.swift in Sources */,
				188494D22897EE6400E4C464 /* NormalCollectionViewCell.swift in Sources */,
				185D81852878112E00B9A838 /* GCDViewModel.swift in Sources */,
				033DC808287AA94C00AA8F29 /* ListViewController.swift in Sources */,
			);
			runOnlyForDeploymentPostprocessing = 0;
		};
/* End PBXSourcesBuildPhase section */

/* Begin PBXVariantGroup section */
		039C8BE928000685002624EB /* LaunchScreen.storyboard */ = {
			isa = PBXVariantGroup;
			children = (
				039C8BEA28000685002624EB /* Base */,
			);
			name = LaunchScreen.storyboard;
			sourceTree = "<group>";
		};
/* End PBXVariantGroup section */

/* Begin XCBuildConfiguration section */
		039C8BED28000685002624EB /* Debug */ = {
			isa = XCBuildConfiguration;
			buildSettings = {
				ALWAYS_SEARCH_USER_PATHS = NO;
				CLANG_ANALYZER_NONNULL = YES;
				CLANG_ANALYZER_NUMBER_OBJECT_CONVERSION = YES_AGGRESSIVE;
				CLANG_CXX_LANGUAGE_STANDARD = "gnu++17";
				CLANG_CXX_LIBRARY = "libc++";
				CLANG_ENABLE_MODULES = YES;
				CLANG_ENABLE_OBJC_ARC = YES;
				CLANG_ENABLE_OBJC_WEAK = YES;
				CLANG_WARN_BLOCK_CAPTURE_AUTORELEASING = YES;
				CLANG_WARN_BOOL_CONVERSION = YES;
				CLANG_WARN_COMMA = YES;
				CLANG_WARN_CONSTANT_CONVERSION = YES;
				CLANG_WARN_DEPRECATED_OBJC_IMPLEMENTATIONS = YES;
				CLANG_WARN_DIRECT_OBJC_ISA_USAGE = YES_ERROR;
				CLANG_WARN_DOCUMENTATION_COMMENTS = YES;
				CLANG_WARN_EMPTY_BODY = YES;
				CLANG_WARN_ENUM_CONVERSION = YES;
				CLANG_WARN_INFINITE_RECURSION = YES;
				CLANG_WARN_INT_CONVERSION = YES;
				CLANG_WARN_NON_LITERAL_NULL_CONVERSION = YES;
				CLANG_WARN_OBJC_IMPLICIT_RETAIN_SELF = YES;
				CLANG_WARN_OBJC_LITERAL_CONVERSION = YES;
				CLANG_WARN_OBJC_ROOT_CLASS = YES_ERROR;
				CLANG_WARN_QUOTED_INCLUDE_IN_FRAMEWORK_HEADER = YES;
				CLANG_WARN_RANGE_LOOP_ANALYSIS = YES;
				CLANG_WARN_STRICT_PROTOTYPES = YES;
				CLANG_WARN_SUSPICIOUS_MOVE = YES;
				CLANG_WARN_UNGUARDED_AVAILABILITY = YES_AGGRESSIVE;
				CLANG_WARN_UNREACHABLE_CODE = YES;
				CLANG_WARN__DUPLICATE_METHOD_MATCH = YES;
				COPY_PHASE_STRIP = NO;
				DEBUG_INFORMATION_FORMAT = dwarf;
				ENABLE_STRICT_OBJC_MSGSEND = YES;
				ENABLE_TESTABILITY = YES;
				GCC_C_LANGUAGE_STANDARD = gnu11;
				GCC_DYNAMIC_NO_PIC = NO;
				GCC_NO_COMMON_BLOCKS = YES;
				GCC_OPTIMIZATION_LEVEL = 0;
				GCC_PREPROCESSOR_DEFINITIONS = (
					"DEBUG=1",
					"$(inherited)",
				);
				GCC_WARN_64_TO_32_BIT_CONVERSION = YES;
				GCC_WARN_ABOUT_RETURN_TYPE = YES_ERROR;
				GCC_WARN_UNDECLARED_SELECTOR = YES;
				GCC_WARN_UNINITIALIZED_AUTOS = YES_AGGRESSIVE;
				GCC_WARN_UNUSED_FUNCTION = YES;
				GCC_WARN_UNUSED_VARIABLE = YES;
				IPHONEOS_DEPLOYMENT_TARGET = 11.0;
				MTL_ENABLE_DEBUG_INFO = INCLUDE_SOURCE;
				MTL_FAST_MATH = YES;
				ONLY_ACTIVE_ARCH = YES;
				SDKROOT = iphoneos;
				SWIFT_ACTIVE_COMPILATION_CONDITIONS = DEBUG;
				SWIFT_OPTIMIZATION_LEVEL = "-Onone";
			};
			name = Debug;
		};
		039C8BEE28000685002624EB /* Release */ = {
			isa = XCBuildConfiguration;
			buildSettings = {
				ALWAYS_SEARCH_USER_PATHS = NO;
				CLANG_ANALYZER_NONNULL = YES;
				CLANG_ANALYZER_NUMBER_OBJECT_CONVERSION = YES_AGGRESSIVE;
				CLANG_CXX_LANGUAGE_STANDARD = "gnu++17";
				CLANG_CXX_LIBRARY = "libc++";
				CLANG_ENABLE_MODULES = YES;
				CLANG_ENABLE_OBJC_ARC = YES;
				CLANG_ENABLE_OBJC_WEAK = YES;
				CLANG_WARN_BLOCK_CAPTURE_AUTORELEASING = YES;
				CLANG_WARN_BOOL_CONVERSION = YES;
				CLANG_WARN_COMMA = YES;
				CLANG_WARN_CONSTANT_CONVERSION = YES;
				CLANG_WARN_DEPRECATED_OBJC_IMPLEMENTATIONS = YES;
				CLANG_WARN_DIRECT_OBJC_ISA_USAGE = YES_ERROR;
				CLANG_WARN_DOCUMENTATION_COMMENTS = YES;
				CLANG_WARN_EMPTY_BODY = YES;
				CLANG_WARN_ENUM_CONVERSION = YES;
				CLANG_WARN_INFINITE_RECURSION = YES;
				CLANG_WARN_INT_CONVERSION = YES;
				CLANG_WARN_NON_LITERAL_NULL_CONVERSION = YES;
				CLANG_WARN_OBJC_IMPLICIT_RETAIN_SELF = YES;
				CLANG_WARN_OBJC_LITERAL_CONVERSION = YES;
				CLANG_WARN_OBJC_ROOT_CLASS = YES_ERROR;
				CLANG_WARN_QUOTED_INCLUDE_IN_FRAMEWORK_HEADER = YES;
				CLANG_WARN_RANGE_LOOP_ANALYSIS = YES;
				CLANG_WARN_STRICT_PROTOTYPES = YES;
				CLANG_WARN_SUSPICIOUS_MOVE = YES;
				CLANG_WARN_UNGUARDED_AVAILABILITY = YES_AGGRESSIVE;
				CLANG_WARN_UNREACHABLE_CODE = YES;
				CLANG_WARN__DUPLICATE_METHOD_MATCH = YES;
				COPY_PHASE_STRIP = NO;
				DEBUG_INFORMATION_FORMAT = "dwarf-with-dsym";
				ENABLE_NS_ASSERTIONS = NO;
				ENABLE_STRICT_OBJC_MSGSEND = YES;
				GCC_C_LANGUAGE_STANDARD = gnu11;
				GCC_NO_COMMON_BLOCKS = YES;
				GCC_WARN_64_TO_32_BIT_CONVERSION = YES;
				GCC_WARN_ABOUT_RETURN_TYPE = YES_ERROR;
				GCC_WARN_UNDECLARED_SELECTOR = YES;
				GCC_WARN_UNINITIALIZED_AUTOS = YES_AGGRESSIVE;
				GCC_WARN_UNUSED_FUNCTION = YES;
				GCC_WARN_UNUSED_VARIABLE = YES;
				IPHONEOS_DEPLOYMENT_TARGET = 11.0;
				MTL_ENABLE_DEBUG_INFO = NO;
				MTL_FAST_MATH = YES;
				SDKROOT = iphoneos;
				SWIFT_COMPILATION_MODE = wholemodule;
				SWIFT_OPTIMIZATION_LEVEL = "-O";
				VALIDATE_PRODUCT = YES;
			};
			name = Release;
		};
		039C8BF028000685002624EB /* Debug */ = {
			isa = XCBuildConfiguration;
			baseConfigurationReference = 443D357D19F1A55CBB079D3F /* Pods-iOSTemplate.debug.xcconfig */;
			buildSettings = {
				ASSETCATALOG_COMPILER_APPICON_NAME = AppIcon;
				ASSETCATALOG_COMPILER_GLOBAL_ACCENT_COLOR_NAME = AccentColor;
				CODE_SIGN_STYLE = Automatic;
				CURRENT_PROJECT_VERSION = 1;
				DEVELOPMENT_TEAM = JQM76K3G2N;
				GENERATE_INFOPLIST_FILE = YES;
				INFOPLIST_FILE = iOSTemplate/Resources/Info.plist;
				INFOPLIST_KEY_UIApplicationSupportsIndirectInputEvents = YES;
				INFOPLIST_KEY_UILaunchStoryboardName = LaunchScreen;
				INFOPLIST_KEY_UISupportedInterfaceOrientations_iPad = "UIInterfaceOrientationPortrait UIInterfaceOrientationPortraitUpsideDown UIInterfaceOrientationLandscapeLeft UIInterfaceOrientationLandscapeRight";
				INFOPLIST_KEY_UISupportedInterfaceOrientations_iPhone = "UIInterfaceOrientationPortrait UIInterfaceOrientationLandscapeLeft UIInterfaceOrientationLandscapeRight";
				IPHONEOS_DEPLOYMENT_TARGET = 11.0;
				LD_RUNPATH_SEARCH_PATHS = (
					"$(inherited)",
					"@executable_path/Frameworks",
				);
				MARKETING_VERSION = 1.0;
				PRODUCT_BUNDLE_IDENTIFIER = com.whaley.iOSTemplate;
				PRODUCT_NAME = "$(TARGET_NAME)";
				SWIFT_EMIT_LOC_STRINGS = YES;
				SWIFT_VERSION = 5.0;
				TARGETED_DEVICE_FAMILY = "1,2";
			};
			name = Debug;
		};
		039C8BF128000685002624EB /* Release */ = {
			isa = XCBuildConfiguration;
			baseConfigurationReference = 524E9B951D8A4265427DFE7E /* Pods-iOSTemplate.release.xcconfig */;
			buildSettings = {
				ASSETCATALOG_COMPILER_APPICON_NAME = AppIcon;
				ASSETCATALOG_COMPILER_GLOBAL_ACCENT_COLOR_NAME = AccentColor;
				CODE_SIGN_STYLE = Automatic;
				CURRENT_PROJECT_VERSION = 1;
				DEVELOPMENT_TEAM = JQM76K3G2N;
				GENERATE_INFOPLIST_FILE = YES;
				INFOPLIST_FILE = iOSTemplate/Resources/Info.plist;
				INFOPLIST_KEY_UIApplicationSupportsIndirectInputEvents = YES;
				INFOPLIST_KEY_UILaunchStoryboardName = LaunchScreen;
				INFOPLIST_KEY_UISupportedInterfaceOrientations_iPad = "UIInterfaceOrientationPortrait UIInterfaceOrientationPortraitUpsideDown UIInterfaceOrientationLandscapeLeft UIInterfaceOrientationLandscapeRight";
				INFOPLIST_KEY_UISupportedInterfaceOrientations_iPhone = "UIInterfaceOrientationPortrait UIInterfaceOrientationLandscapeLeft UIInterfaceOrientationLandscapeRight";
				IPHONEOS_DEPLOYMENT_TARGET = 11.0;
				LD_RUNPATH_SEARCH_PATHS = (
					"$(inherited)",
					"@executable_path/Frameworks",
				);
				MARKETING_VERSION = 1.0;
				PRODUCT_BUNDLE_IDENTIFIER = com.whaley.iOSTemplate;
				PRODUCT_NAME = "$(TARGET_NAME)";
				SWIFT_EMIT_LOC_STRINGS = YES;
				SWIFT_VERSION = 5.0;
				TARGETED_DEVICE_FAMILY = "1,2";
			};
			name = Release;
		};
/* End XCBuildConfiguration section */

/* Begin XCConfigurationList section */
		039C8BD628000684002624EB /* Build configuration list for PBXProject "iOSTemplate" */ = {
			isa = XCConfigurationList;
			buildConfigurations = (
				039C8BED28000685002624EB /* Debug */,
				039C8BEE28000685002624EB /* Release */,
			);
			defaultConfigurationIsVisible = 0;
			defaultConfigurationName = Release;
		};
		039C8BEF28000685002624EB /* Build configuration list for PBXNativeTarget "iOSTemplate" */ = {
			isa = XCConfigurationList;
			buildConfigurations = (
				039C8BF028000685002624EB /* Debug */,
				039C8BF128000685002624EB /* Release */,
			);
			defaultConfigurationIsVisible = 0;
			defaultConfigurationName = Release;
		};
/* End XCConfigurationList section */
	};
	rootObject = 039C8BD328000684002624EB /* Project object */;
}
